// !$*UTF8*$!
{
	archiveVersion = 1;
	classes = {
	};
	objectVersion = 46;
	objects = {

/* Begin PBXBuildFile section */
		B613DB381BBCDBDE00959F6A /* Point.swift in Sources */ = {isa = PBXBuildFile; fileRef = B6D263A41AEFC17F00B7903D /* Point.swift */; settings = {ASSET_TAGS = (); }; };
		B61D66F91A95359D00550250 /* libGoogleAnalyticsServices.a in Frameworks */ = {isa = PBXBuildFile; fileRef = B61D66F81A95359D00550250 /* libGoogleAnalyticsServices.a */; };
		B61D66FB1A9535B000550250 /* CoreData.framework in Frameworks */ = {isa = PBXBuildFile; fileRef = B61D66FA1A9535B000550250 /* CoreData.framework */; };
		B61D66FD1A96296100550250 /* myIlliniView.swift in Sources */ = {isa = PBXBuildFile; fileRef = B61D66FC1A96296100550250 /* myIlliniView.swift */; };
		B61D66FF1A962A6F00550250 /* diningView.swift in Sources */ = {isa = PBXBuildFile; fileRef = B61D66FE1A962A6F00550250 /* diningView.swift */; };
		B6253EAB1AEC2F6500AF1F05 /* WebViewController.swift in Sources */ = {isa = PBXBuildFile; fileRef = B6253EAA1AEC2F6500AF1F05 /* WebViewController.swift */; };
		B66B099B1BC55C9300C85CB4 /* CozyLoadingActivity.swift in Sources */ = {isa = PBXBuildFile; fileRef = B66B099A1BC55C9300C85CB4 /* CozyLoadingActivity.swift */; settings = {ASSET_TAGS = (); }; };
		B67E0BC71BC30AFC00827DBC /* Accounts.framework in Frameworks */ = {isa = PBXBuildFile; fileRef = B67E0BC61BC30AFC00827DBC /* Accounts.framework */; };
		B67E0BC91BC30B0500827DBC /* Social.framework in Frameworks */ = {isa = PBXBuildFile; fileRef = B67E0BC81BC30B0500827DBC /* Social.framework */; };
		B67E0BCB1BC30B3200827DBC /* libsqlite3.tbd in Frameworks */ = {isa = PBXBuildFile; fileRef = B67E0BCA1BC30B3200827DBC /* libsqlite3.tbd */; };
		B67E0BD31BC30B8100827DBC /* Bolts.framework in Frameworks */ = {isa = PBXBuildFile; fileRef = B67E0BCC1BC30B8100827DBC /* Bolts.framework */; settings = {ASSET_TAGS = (); }; };
		B67E0BD41BC30B8100827DBC /* Parse.framework in Frameworks */ = {isa = PBXBuildFile; fileRef = B67E0BCD1BC30B8100827DBC /* Parse.framework */; settings = {ASSET_TAGS = (); }; };
		B67E0BD51BC30B8100827DBC /* ParseCrashReporting.framework in Frameworks */ = {isa = PBXBuildFile; fileRef = B67E0BCE1BC30B8100827DBC /* ParseCrashReporting.framework */; settings = {ASSET_TAGS = (); }; };
		B67E0BD61BC30B8100827DBC /* ParseFacebookUtils.framework in Frameworks */ = {isa = PBXBuildFile; fileRef = B67E0BCF1BC30B8100827DBC /* ParseFacebookUtils.framework */; settings = {ASSET_TAGS = (); }; };
		B67E0BD71BC30B8100827DBC /* ParseFacebookUtilsV4.framework in Frameworks */ = {isa = PBXBuildFile; fileRef = B67E0BD01BC30B8100827DBC /* ParseFacebookUtilsV4.framework */; settings = {ASSET_TAGS = (); }; };
		B67E0BD81BC30B8100827DBC /* ParseTwitterUtils.framework in Frameworks */ = {isa = PBXBuildFile; fileRef = B67E0BD11BC30B8100827DBC /* ParseTwitterUtils.framework */; settings = {ASSET_TAGS = (); }; };
		B67E0BD91BC30B8100827DBC /* ParseUI.framework in Frameworks */ = {isa = PBXBuildFile; fileRef = B67E0BD21BC30B8100827DBC /* ParseUI.framework */; settings = {ASSET_TAGS = (); }; };
		B69D16ED1A413303007755E4 /* Contact Your RA Slice.png in Resources */ = {isa = PBXBuildFile; fileRef = B69D16E91A413303007755E4 /* Contact Your RA Slice.png */; };
		B69D16EE1A413303007755E4 /* Refer A Friend Slice.png in Resources */ = {isa = PBXBuildFile; fileRef = B69D16EA1A413303007755E4 /* Refer A Friend Slice.png */; };
		B69D16EF1A413303007755E4 /* Submit Work Order Slice.png in Resources */ = {isa = PBXBuildFile; fileRef = B69D16EB1A413303007755E4 /* Submit Work Order Slice.png */; };
		B69D16F01A413303007755E4 /* Write A Review Slice.png in Resources */ = {isa = PBXBuildFile; fileRef = B69D16EC1A413303007755E4 /* Write A Review Slice.png */; };
		B69D16F21A413FAF007755E4 /* Dining Background.png in Resources */ = {isa = PBXBuildFile; fileRef = B69D16F11A413FAF007755E4 /* Dining Background.png */; };
		B69D16F61A413FBB007755E4 /* Late Plate Request Slice.png in Resources */ = {isa = PBXBuildFile; fileRef = B69D16F31A413FBB007755E4 /* Late Plate Request Slice.png */; };
		B69D16F71A413FBB007755E4 /* Skillet Choice Nomination Slice.png in Resources */ = {isa = PBXBuildFile; fileRef = B69D16F41A413FBB007755E4 /* Skillet Choice Nomination Slice.png */; };
		B69D16F81A413FBB007755E4 /* Today's Menu Slice.png in Resources */ = {isa = PBXBuildFile; fileRef = B69D16F51A413FBB007755E4 /* Today's Menu Slice.png */; };
		B69D16FC1A435E75007755E4 /* My Illini Background.png in Resources */ = {isa = PBXBuildFile; fileRef = B69D16FB1A435E75007755E4 /* My Illini Background.png */; };
		B6B0CCF11A06B8BF00AE98A9 /* contactYourRA.swift in Sources */ = {isa = PBXBuildFile; fileRef = B6B0CCF01A06B8BF00AE98A9 /* contactYourRA.swift */; };
		B6D3B69A1A001BD300563FE8 /* AppDelegate.swift in Sources */ = {isa = PBXBuildFile; fileRef = B6D3B6991A001BD300563FE8 /* AppDelegate.swift */; };
		B6D3B69D1A001BD300563FE8 /* Illini_Tower_2_0.xcdatamodeld in Sources */ = {isa = PBXBuildFile; fileRef = B6D3B69B1A001BD300563FE8 /* Illini_Tower_2_0.xcdatamodeld */; };
		B6D3B69F1A001BD300563FE8 /* ViewController.swift in Sources */ = {isa = PBXBuildFile; fileRef = B6D3B69E1A001BD300563FE8 /* ViewController.swift */; };
		B6D3B6A21A001BD300563FE8 /* Main.storyboard in Resources */ = {isa = PBXBuildFile; fileRef = B6D3B6A01A001BD300563FE8 /* Main.storyboard */; };
		B6D3B6A41A001BD300563FE8 /* Images.xcassets in Resources */ = {isa = PBXBuildFile; fileRef = B6D3B6A31A001BD300563FE8 /* Images.xcassets */; };
		B6D3B6A71A001BD300563FE8 /* LaunchScreen.xib in Resources */ = {isa = PBXBuildFile; fileRef = B6D3B6A51A001BD300563FE8 /* LaunchScreen.xib */; };
		B6D3B6B31A001BD300563FE8 /* Illini_Tower_2_0Tests.swift in Sources */ = {isa = PBXBuildFile; fileRef = B6D3B6B21A001BD300563FE8 /* Illini_Tower_2_0Tests.swift */; };
		B6D3B6C31A002D1500563FE8 /* EmailComposer.swift in Sources */ = {isa = PBXBuildFile; fileRef = B6D3B6C21A002D1500563FE8 /* EmailComposer.swift */; };
		B6D3B6CF1A00528C00563FE8 /* Suggestions.swift in Sources */ = {isa = PBXBuildFile; fileRef = B6D3B6CE1A00528C00563FE8 /* Suggestions.swift */; };
		B6D3B6D31A005EAF00563FE8 /* whatsNearBy.swift in Sources */ = {isa = PBXBuildFile; fileRef = B6D3B6D21A005EAF00563FE8 /* whatsNearBy.swift */; };
		B6D3B6D71A0065E300563FE8 /* referAFriend.swift in Sources */ = {isa = PBXBuildFile; fileRef = B6D3B6D61A0065E300563FE8 /* referAFriend.swift */; };
		B6D3B6D91A00992900563FE8 /* menuView.swift in Sources */ = {isa = PBXBuildFile; fileRef = B6D3B6D81A00992900563FE8 /* menuView.swift */; };
		B6D3B6E71A029D1F00563FE8 /* AudioToolbox.framework in Frameworks */ = {isa = PBXBuildFile; fileRef = B6D3B6E61A029D1F00563FE8 /* AudioToolbox.framework */; };
		B6D3B6E91A029D2C00563FE8 /* CFNetwork.framework in Frameworks */ = {isa = PBXBuildFile; fileRef = B6D3B6E81A029D2C00563FE8 /* CFNetwork.framework */; settings = {ATTRIBUTES = (Required, ); }; };
		B6D3B6EB1A029D3A00563FE8 /* CoreGraphics.framework in Frameworks */ = {isa = PBXBuildFile; fileRef = B6D3B6EA1A029D3A00563FE8 /* CoreGraphics.framework */; };
		B6D3B6ED1A029D4400563FE8 /* CoreLocation.framework in Frameworks */ = {isa = PBXBuildFile; fileRef = B6D3B6EC1A029D4400563FE8 /* CoreLocation.framework */; };
		B6D3B6EF1A029D5D00563FE8 /* libz.dylib in Frameworks */ = {isa = PBXBuildFile; fileRef = B6D3B6EE1A029D5D00563FE8 /* libz.dylib */; };
		B6D3B6F11A029D6700563FE8 /* MobileCoreServices.framework in Frameworks */ = {isa = PBXBuildFile; fileRef = B6D3B6F01A029D6700563FE8 /* MobileCoreServices.framework */; };
		B6D3B6F31A029D7900563FE8 /* QuartzCore.framework in Frameworks */ = {isa = PBXBuildFile; fileRef = B6D3B6F21A029D7900563FE8 /* QuartzCore.framework */; };
		B6D3B6F51A029D8400563FE8 /* Security.framework in Frameworks */ = {isa = PBXBuildFile; fileRef = B6D3B6F41A029D8400563FE8 /* Security.framework */; };
		B6D3B6F71A029D8C00563FE8 /* StoreKit.framework in Frameworks */ = {isa = PBXBuildFile; fileRef = B6D3B6F61A029D8C00563FE8 /* StoreKit.framework */; };
		B6D3B6F91A029D9D00563FE8 /* SystemConfiguration.framework in Frameworks */ = {isa = PBXBuildFile; fileRef = B6D3B6F81A029D9D00563FE8 /* SystemConfiguration.framework */; };
		B6D8B10E1A3E3B1100A849F7 /* Call Us Slice.png in Resources */ = {isa = PBXBuildFile; fileRef = B6D8B1031A3E3B1100A849F7 /* Call Us Slice.png */; };
		B6D8B10F1A3E3B1100A849F7 /* Dining Slice.png in Resources */ = {isa = PBXBuildFile; fileRef = B6D8B1041A3E3B1100A849F7 /* Dining Slice.png */; };
		B6D8B1101A3E3B1100A849F7 /* Email Us Slice.png in Resources */ = {isa = PBXBuildFile; fileRef = B6D8B1051A3E3B1100A849F7 /* Email Us Slice.png */; };
		B6D8B1111A3E3B1100A849F7 /* Events Slice.png in Resources */ = {isa = PBXBuildFile; fileRef = B6D8B1061A3E3B1100A849F7 /* Events Slice.png */; };
		B6D8B1121A3E3B1100A849F7 /* Facebook Slice.png in Resources */ = {isa = PBXBuildFile; fileRef = B6D8B1071A3E3B1100A849F7 /* Facebook Slice.png */; };
		B6D8B1131A3E3B1100A849F7 /* Instagram Slice.png in Resources */ = {isa = PBXBuildFile; fileRef = B6D8B1081A3E3B1100A849F7 /* Instagram Slice.png */; };
		B6D8B1141A3E3B1100A849F7 /* My Illini Tower Slice.png in Resources */ = {isa = PBXBuildFile; fileRef = B6D8B1091A3E3B1100A849F7 /* My Illini Tower Slice.png */; };
		B6D8B1151A3E3B1100A849F7 /* Pay your rent slice.png in Resources */ = {isa = PBXBuildFile; fileRef = B6D8B10A1A3E3B1100A849F7 /* Pay your rent slice.png */; };
		B6D8B1161A3E3B1100A849F7 /* Suggestions Slice.png in Resources */ = {isa = PBXBuildFile; fileRef = B6D8B10B1A3E3B1100A849F7 /* Suggestions Slice.png */; };
		B6D8B1171A3E3B1100A849F7 /* Twitter Slice.png in Resources */ = {isa = PBXBuildFile; fileRef = B6D8B10C1A3E3B1100A849F7 /* Twitter Slice.png */; };
		B6D8B1181A3E3B1100A849F7 /* What's Near By Slice.png in Resources */ = {isa = PBXBuildFile; fileRef = B6D8B10D1A3E3B1100A849F7 /* What's Near By Slice.png */; };
		B6DB30611A02C95D00DC7F8D /* latePlateRequest.swift in Sources */ = {isa = PBXBuildFile; fileRef = B6DB30601A02C95D00DC7F8D /* latePlateRequest.swift */; };
		B6DB30631A02F1F500DC7F8D /* foodNomination.swift in Sources */ = {isa = PBXBuildFile; fileRef = B6DB30621A02F1F500DC7F8D /* foodNomination.swift */; };
/* End PBXBuildFile section */

/* Begin PBXFileReference section */
		B61D66EE1A95359400550250 /* GAI.h */ = {isa = PBXFileReference; lastKnownFileType = sourcecode.c.h; path = GAI.h; sourceTree = "<group>"; };
		B61D66EF1A95359400550250 /* GAIDictionaryBuilder.h */ = {isa = PBXFileReference; lastKnownFileType = sourcecode.c.h; path = GAIDictionaryBuilder.h; sourceTree = "<group>"; };
		B61D66F01A95359400550250 /* GAIEcommerceFields.h */ = {isa = PBXFileReference; lastKnownFileType = sourcecode.c.h; path = GAIEcommerceFields.h; sourceTree = "<group>"; };
		B61D66F11A95359400550250 /* GAIEcommerceProduct.h */ = {isa = PBXFileReference; lastKnownFileType = sourcecode.c.h; path = GAIEcommerceProduct.h; sourceTree = "<group>"; };
		B61D66F21A95359400550250 /* GAIEcommerceProductAction.h */ = {isa = PBXFileReference; lastKnownFileType = sourcecode.c.h; path = GAIEcommerceProductAction.h; sourceTree = "<group>"; };
		B61D66F31A95359400550250 /* GAIEcommercePromotion.h */ = {isa = PBXFileReference; lastKnownFileType = sourcecode.c.h; path = GAIEcommercePromotion.h; sourceTree = "<group>"; };
		B61D66F41A95359400550250 /* GAIFields.h */ = {isa = PBXFileReference; lastKnownFileType = sourcecode.c.h; path = GAIFields.h; sourceTree = "<group>"; };
		B61D66F51A95359400550250 /* GAILogger.h */ = {isa = PBXFileReference; lastKnownFileType = sourcecode.c.h; path = GAILogger.h; sourceTree = "<group>"; };
		B61D66F61A95359400550250 /* GAITrackedViewController.h */ = {isa = PBXFileReference; lastKnownFileType = sourcecode.c.h; path = GAITrackedViewController.h; sourceTree = "<group>"; };
		B61D66F71A95359400550250 /* GAITracker.h */ = {isa = PBXFileReference; lastKnownFileType = sourcecode.c.h; path = GAITracker.h; sourceTree = "<group>"; };
		B61D66F81A95359D00550250 /* libGoogleAnalyticsServices.a */ = {isa = PBXFileReference; lastKnownFileType = archive.ar; path = libGoogleAnalyticsServices.a; sourceTree = "<group>"; };
		B61D66FA1A9535B000550250 /* CoreData.framework */ = {isa = PBXFileReference; lastKnownFileType = wrapper.framework; name = CoreData.framework; path = System/Library/Frameworks/CoreData.framework; sourceTree = SDKROOT; };
		B61D66FC1A96296100550250 /* myIlliniView.swift */ = {isa = PBXFileReference; fileEncoding = 4; lastKnownFileType = sourcecode.swift; path = myIlliniView.swift; sourceTree = "<group>"; };
		B61D66FE1A962A6F00550250 /* diningView.swift */ = {isa = PBXFileReference; fileEncoding = 4; lastKnownFileType = sourcecode.swift; path = diningView.swift; sourceTree = "<group>"; };
		B6253EAA1AEC2F6500AF1F05 /* WebViewController.swift */ = {isa = PBXFileReference; fileEncoding = 4; lastKnownFileType = sourcecode.swift; path = WebViewController.swift; sourceTree = "<group>"; };
		B66B099A1BC55C9300C85CB4 /* CozyLoadingActivity.swift */ = {isa = PBXFileReference; fileEncoding = 4; lastKnownFileType = sourcecode.swift; path = CozyLoadingActivity.swift; sourceTree = "<group>"; };
		B67E0BC61BC30AFC00827DBC /* Accounts.framework */ = {isa = PBXFileReference; lastKnownFileType = wrapper.framework; name = Accounts.framework; path = System/Library/Frameworks/Accounts.framework; sourceTree = SDKROOT; };
		B67E0BC81BC30B0500827DBC /* Social.framework */ = {isa = PBXFileReference; lastKnownFileType = wrapper.framework; name = Social.framework; path = System/Library/Frameworks/Social.framework; sourceTree = SDKROOT; };
		B67E0BCA1BC30B3200827DBC /* libsqlite3.tbd */ = {isa = PBXFileReference; lastKnownFileType = "sourcecode.text-based-dylib-definition"; name = libsqlite3.tbd; path = usr/lib/libsqlite3.tbd; sourceTree = SDKROOT; };
		B67E0BCC1BC30B8100827DBC /* Bolts.framework */ = {isa = PBXFileReference; lastKnownFileType = wrapper.framework; path = Bolts.framework; sourceTree = "<group>"; };
		B67E0BCD1BC30B8100827DBC /* Parse.framework */ = {isa = PBXFileReference; lastKnownFileType = wrapper.framework; path = Parse.framework; sourceTree = "<group>"; };
		B67E0BCE1BC30B8100827DBC /* ParseCrashReporting.framework */ = {isa = PBXFileReference; lastKnownFileType = wrapper.framework; path = ParseCrashReporting.framework; sourceTree = "<group>"; };
		B67E0BCF1BC30B8100827DBC /* ParseFacebookUtils.framework */ = {isa = PBXFileReference; lastKnownFileType = wrapper.framework; path = ParseFacebookUtils.framework; sourceTree = "<group>"; };
		B67E0BD01BC30B8100827DBC /* ParseFacebookUtilsV4.framework */ = {isa = PBXFileReference; lastKnownFileType = wrapper.framework; path = ParseFacebookUtilsV4.framework; sourceTree = "<group>"; };
		B67E0BD11BC30B8100827DBC /* ParseTwitterUtils.framework */ = {isa = PBXFileReference; lastKnownFileType = wrapper.framework; path = ParseTwitterUtils.framework; sourceTree = "<group>"; };
		B67E0BD21BC30B8100827DBC /* ParseUI.framework */ = {isa = PBXFileReference; lastKnownFileType = wrapper.framework; path = ParseUI.framework; sourceTree = "<group>"; };
		B69D16E91A413303007755E4 /* Contact Your RA Slice.png */ = {isa = PBXFileReference; lastKnownFileType = image.png; path = "Contact Your RA Slice.png"; sourceTree = "<group>"; };
		B69D16EA1A413303007755E4 /* Refer A Friend Slice.png */ = {isa = PBXFileReference; lastKnownFileType = image.png; path = "Refer A Friend Slice.png"; sourceTree = "<group>"; };
		B69D16EB1A413303007755E4 /* Submit Work Order Slice.png */ = {isa = PBXFileReference; lastKnownFileType = image.png; path = "Submit Work Order Slice.png"; sourceTree = "<group>"; };
		B69D16EC1A413303007755E4 /* Write A Review Slice.png */ = {isa = PBXFileReference; lastKnownFileType = image.png; path = "Write A Review Slice.png"; sourceTree = "<group>"; };
		B69D16F11A413FAF007755E4 /* Dining Background.png */ = {isa = PBXFileReference; lastKnownFileType = image.png; path = "Dining Background.png"; sourceTree = "<group>"; };
		B69D16F31A413FBB007755E4 /* Late Plate Request Slice.png */ = {isa = PBXFileReference; lastKnownFileType = image.png; path = "Late Plate Request Slice.png"; sourceTree = "<group>"; };
		B69D16F41A413FBB007755E4 /* Skillet Choice Nomination Slice.png */ = {isa = PBXFileReference; lastKnownFileType = image.png; path = "Skillet Choice Nomination Slice.png"; sourceTree = "<group>"; };
		B69D16F51A413FBB007755E4 /* Today's Menu Slice.png */ = {isa = PBXFileReference; lastKnownFileType = image.png; path = "Today's Menu Slice.png"; sourceTree = "<group>"; };
		B69D16FB1A435E75007755E4 /* My Illini Background.png */ = {isa = PBXFileReference; lastKnownFileType = image.png; path = "My Illini Background.png"; sourceTree = "<group>"; };
		B6B0CCF01A06B8BF00AE98A9 /* contactYourRA.swift */ = {isa = PBXFileReference; fileEncoding = 4; lastKnownFileType = sourcecode.swift; path = contactYourRA.swift; sourceTree = "<group>"; };
		B6D263A41AEFC17F00B7903D /* Point.swift */ = {isa = PBXFileReference; fileEncoding = 4; lastKnownFileType = sourcecode.swift; path = Point.swift; sourceTree = "<group>"; };
		B6D3B6941A001BD300563FE8 /* Illini Tower.app */ = {isa = PBXFileReference; explicitFileType = wrapper.application; includeInIndex = 0; path = "Illini Tower.app"; sourceTree = BUILT_PRODUCTS_DIR; };
		B6D3B6981A001BD300563FE8 /* Info.plist */ = {isa = PBXFileReference; lastKnownFileType = text.plist.xml; path = Info.plist; sourceTree = "<group>"; };
		B6D3B6991A001BD300563FE8 /* AppDelegate.swift */ = {isa = PBXFileReference; lastKnownFileType = sourcecode.swift; path = AppDelegate.swift; sourceTree = "<group>"; };
		B6D3B69C1A001BD300563FE8 /* Illini_Tower_2_0.xcdatamodel */ = {isa = PBXFileReference; lastKnownFileType = wrapper.xcdatamodel; path = Illini_Tower_2_0.xcdatamodel; sourceTree = "<group>"; };
		B6D3B69E1A001BD300563FE8 /* ViewController.swift */ = {isa = PBXFileReference; lastKnownFileType = sourcecode.swift; path = ViewController.swift; sourceTree = "<group>"; };
		B6D3B6A11A001BD300563FE8 /* Base */ = {isa = PBXFileReference; lastKnownFileType = file.storyboard; name = Base; path = Base.lproj/Main.storyboard; sourceTree = "<group>"; };
		B6D3B6A31A001BD300563FE8 /* Images.xcassets */ = {isa = PBXFileReference; lastKnownFileType = folder.assetcatalog; path = Images.xcassets; sourceTree = "<group>"; };
		B6D3B6A61A001BD300563FE8 /* Base */ = {isa = PBXFileReference; lastKnownFileType = file.xib; name = Base; path = Base.lproj/LaunchScreen.xib; sourceTree = "<group>"; };
		B6D3B6AC1A001BD300563FE8 /* Illini TowerTests.xctest */ = {isa = PBXFileReference; explicitFileType = wrapper.cfbundle; includeInIndex = 0; path = "Illini TowerTests.xctest"; sourceTree = BUILT_PRODUCTS_DIR; };
		B6D3B6B11A001BD300563FE8 /* Info.plist */ = {isa = PBXFileReference; lastKnownFileType = text.plist.xml; path = Info.plist; sourceTree = "<group>"; };
		B6D3B6B21A001BD300563FE8 /* Illini_Tower_2_0Tests.swift */ = {isa = PBXFileReference; lastKnownFileType = sourcecode.swift; path = Illini_Tower_2_0Tests.swift; sourceTree = "<group>"; };
		B6D3B6C21A002D1500563FE8 /* EmailComposer.swift */ = {isa = PBXFileReference; fileEncoding = 4; lastKnownFileType = sourcecode.swift; path = EmailComposer.swift; sourceTree = "<group>"; };
		B6D3B6CE1A00528C00563FE8 /* Suggestions.swift */ = {isa = PBXFileReference; fileEncoding = 4; lastKnownFileType = sourcecode.swift; path = Suggestions.swift; sourceTree = "<group>"; };
		B6D3B6D21A005EAF00563FE8 /* whatsNearBy.swift */ = {isa = PBXFileReference; fileEncoding = 4; lastKnownFileType = sourcecode.swift; path = whatsNearBy.swift; sourceTree = "<group>"; };
		B6D3B6D61A0065E300563FE8 /* referAFriend.swift */ = {isa = PBXFileReference; fileEncoding = 4; lastKnownFileType = sourcecode.swift; path = referAFriend.swift; sourceTree = "<group>"; };
		B6D3B6D81A00992900563FE8 /* menuView.swift */ = {isa = PBXFileReference; fileEncoding = 4; lastKnownFileType = sourcecode.swift; path = menuView.swift; sourceTree = "<group>"; };
		B6D3B6E61A029D1F00563FE8 /* AudioToolbox.framework */ = {isa = PBXFileReference; lastKnownFileType = wrapper.framework; name = AudioToolbox.framework; path = System/Library/Frameworks/AudioToolbox.framework; sourceTree = SDKROOT; };
		B6D3B6E81A029D2C00563FE8 /* CFNetwork.framework */ = {isa = PBXFileReference; lastKnownFileType = wrapper.framework; name = CFNetwork.framework; path = System/Library/Frameworks/CFNetwork.framework; sourceTree = SDKROOT; };
		B6D3B6EA1A029D3A00563FE8 /* CoreGraphics.framework */ = {isa = PBXFileReference; lastKnownFileType = wrapper.framework; name = CoreGraphics.framework; path = System/Library/Frameworks/CoreGraphics.framework; sourceTree = SDKROOT; };
		B6D3B6EC1A029D4400563FE8 /* CoreLocation.framework */ = {isa = PBXFileReference; lastKnownFileType = wrapper.framework; name = CoreLocation.framework; path = System/Library/Frameworks/CoreLocation.framework; sourceTree = SDKROOT; };
		B6D3B6EE1A029D5D00563FE8 /* libz.dylib */ = {isa = PBXFileReference; lastKnownFileType = "compiled.mach-o.dylib"; name = libz.dylib; path = usr/lib/libz.dylib; sourceTree = SDKROOT; };
		B6D3B6F01A029D6700563FE8 /* MobileCoreServices.framework */ = {isa = PBXFileReference; lastKnownFileType = wrapper.framework; name = MobileCoreServices.framework; path = System/Library/Frameworks/MobileCoreServices.framework; sourceTree = SDKROOT; };
		B6D3B6F21A029D7900563FE8 /* QuartzCore.framework */ = {isa = PBXFileReference; lastKnownFileType = wrapper.framework; name = QuartzCore.framework; path = System/Library/Frameworks/QuartzCore.framework; sourceTree = SDKROOT; };
		B6D3B6F41A029D8400563FE8 /* Security.framework */ = {isa = PBXFileReference; lastKnownFileType = wrapper.framework; name = Security.framework; path = System/Library/Frameworks/Security.framework; sourceTree = SDKROOT; };
		B6D3B6F61A029D8C00563FE8 /* StoreKit.framework */ = {isa = PBXFileReference; lastKnownFileType = wrapper.framework; name = StoreKit.framework; path = System/Library/Frameworks/StoreKit.framework; sourceTree = SDKROOT; };
		B6D3B6F81A029D9D00563FE8 /* SystemConfiguration.framework */ = {isa = PBXFileReference; lastKnownFileType = wrapper.framework; name = SystemConfiguration.framework; path = System/Library/Frameworks/SystemConfiguration.framework; sourceTree = SDKROOT; };
		B6D3B6FA1A029E1600563FE8 /* Illini Tower 2.0-Bridging-Header.h */ = {isa = PBXFileReference; lastKnownFileType = sourcecode.c.h; path = "Illini Tower 2.0-Bridging-Header.h"; sourceTree = "<group>"; };
		B6D8B1031A3E3B1100A849F7 /* Call Us Slice.png */ = {isa = PBXFileReference; lastKnownFileType = image.png; name = "Call Us Slice.png"; path = "../../../Desktop/IT App Slices/Home Screen App Slices/Call Us Slice.png"; sourceTree = "<group>"; };
		B6D8B1041A3E3B1100A849F7 /* Dining Slice.png */ = {isa = PBXFileReference; lastKnownFileType = image.png; name = "Dining Slice.png"; path = "../../../Desktop/IT App Slices/Home Screen App Slices/Dining Slice.png"; sourceTree = "<group>"; };
		B6D8B1051A3E3B1100A849F7 /* Email Us Slice.png */ = {isa = PBXFileReference; lastKnownFileType = image.png; name = "Email Us Slice.png"; path = "../../../Desktop/IT App Slices/Home Screen App Slices/Email Us Slice.png"; sourceTree = "<group>"; };
		B6D8B1061A3E3B1100A849F7 /* Events Slice.png */ = {isa = PBXFileReference; lastKnownFileType = image.png; name = "Events Slice.png"; path = "../../../Desktop/IT App Slices/Home Screen App Slices/Events Slice.png"; sourceTree = "<group>"; };
		B6D8B1071A3E3B1100A849F7 /* Facebook Slice.png */ = {isa = PBXFileReference; lastKnownFileType = image.png; name = "Facebook Slice.png"; path = "../../../Desktop/IT App Slices/Home Screen App Slices/Facebook Slice.png"; sourceTree = "<group>"; };
		B6D8B1081A3E3B1100A849F7 /* Instagram Slice.png */ = {isa = PBXFileReference; lastKnownFileType = image.png; name = "Instagram Slice.png"; path = "../../../Desktop/IT App Slices/Home Screen App Slices/Instagram Slice.png"; sourceTree = "<group>"; };
		B6D8B1091A3E3B1100A849F7 /* My Illini Tower Slice.png */ = {isa = PBXFileReference; lastKnownFileType = image.png; name = "My Illini Tower Slice.png"; path = "../../../Desktop/IT App Slices/Home Screen App Slices/My Illini Tower Slice.png"; sourceTree = "<group>"; };
		B6D8B10A1A3E3B1100A849F7 /* Pay your rent slice.png */ = {isa = PBXFileReference; lastKnownFileType = image.png; name = "Pay your rent slice.png"; path = "../../../Desktop/IT App Slices/Home Screen App Slices/Pay your rent slice.png"; sourceTree = "<group>"; };
		B6D8B10B1A3E3B1100A849F7 /* Suggestions Slice.png */ = {isa = PBXFileReference; lastKnownFileType = image.png; name = "Suggestions Slice.png"; path = "../../../Desktop/IT App Slices/Home Screen App Slices/Suggestions Slice.png"; sourceTree = "<group>"; };
		B6D8B10C1A3E3B1100A849F7 /* Twitter Slice.png */ = {isa = PBXFileReference; lastKnownFileType = image.png; name = "Twitter Slice.png"; path = "../../../Desktop/IT App Slices/Home Screen App Slices/Twitter Slice.png"; sourceTree = "<group>"; };
		B6D8B10D1A3E3B1100A849F7 /* What's Near By Slice.png */ = {isa = PBXFileReference; lastKnownFileType = image.png; name = "What's Near By Slice.png"; path = "../../../Desktop/IT App Slices/Home Screen App Slices/What's Near By Slice.png"; sourceTree = "<group>"; };
		B6DB30601A02C95D00DC7F8D /* latePlateRequest.swift */ = {isa = PBXFileReference; fileEncoding = 4; lastKnownFileType = sourcecode.swift; path = latePlateRequest.swift; sourceTree = "<group>"; };
		B6DB30621A02F1F500DC7F8D /* foodNomination.swift */ = {isa = PBXFileReference; fileEncoding = 4; lastKnownFileType = sourcecode.swift; path = foodNomination.swift; sourceTree = "<group>"; };
/* End PBXFileReference section */

/* Begin PBXFrameworksBuildPhase section */
		B6D3B6911A001BD300563FE8 /* Frameworks */ = {
			isa = PBXFrameworksBuildPhase;
			buildActionMask = 2147483647;
			files = (
				B67E0BD91BC30B8100827DBC /* ParseUI.framework in Frameworks */,
				B67E0BCB1BC30B3200827DBC /* libsqlite3.tbd in Frameworks */,
				B67E0BD51BC30B8100827DBC /* ParseCrashReporting.framework in Frameworks */,
				B67E0BC91BC30B0500827DBC /* Social.framework in Frameworks */,
				B67E0BC71BC30AFC00827DBC /* Accounts.framework in Frameworks */,
				B61D66F91A95359D00550250 /* libGoogleAnalyticsServices.a in Frameworks */,
				B67E0BD61BC30B8100827DBC /* ParseFacebookUtils.framework in Frameworks */,
				B6D3B6F91A029D9D00563FE8 /* SystemConfiguration.framework in Frameworks */,
				B61D66FB1A9535B000550250 /* CoreData.framework in Frameworks */,
				B67E0BD41BC30B8100827DBC /* Parse.framework in Frameworks */,
				B6D3B6F71A029D8C00563FE8 /* StoreKit.framework in Frameworks */,
				B67E0BD81BC30B8100827DBC /* ParseTwitterUtils.framework in Frameworks */,
				B6D3B6F51A029D8400563FE8 /* Security.framework in Frameworks */,
				B6D3B6F31A029D7900563FE8 /* QuartzCore.framework in Frameworks */,
				B6D3B6F11A029D6700563FE8 /* MobileCoreServices.framework in Frameworks */,
				B6D3B6EF1A029D5D00563FE8 /* libz.dylib in Frameworks */,
				B67E0BD71BC30B8100827DBC /* ParseFacebookUtilsV4.framework in Frameworks */,
				B6D3B6ED1A029D4400563FE8 /* CoreLocation.framework in Frameworks */,
				B6D3B6EB1A029D3A00563FE8 /* CoreGraphics.framework in Frameworks */,
				B6D3B6E91A029D2C00563FE8 /* CFNetwork.framework in Frameworks */,
				B6D3B6E71A029D1F00563FE8 /* AudioToolbox.framework in Frameworks */,
				B67E0BD31BC30B8100827DBC /* Bolts.framework in Frameworks */,
			);
			runOnlyForDeploymentPostprocessing = 0;
		};
		B6D3B6A91A001BD300563FE8 /* Frameworks */ = {
			isa = PBXFrameworksBuildPhase;
			buildActionMask = 2147483647;
			files = (
			);
			runOnlyForDeploymentPostprocessing = 0;
		};
/* End PBXFrameworksBuildPhase section */

/* Begin PBXGroup section */
		B61D66EB1A95355000550250 /* FrameWorks */ = {
			isa = PBXGroup;
			children = (
				B67E0BCC1BC30B8100827DBC /* Bolts.framework */,
				B67E0BCD1BC30B8100827DBC /* Parse.framework */,
				B67E0BCE1BC30B8100827DBC /* ParseCrashReporting.framework */,
				B67E0BCF1BC30B8100827DBC /* ParseFacebookUtils.framework */,
				B67E0BD01BC30B8100827DBC /* ParseFacebookUtilsV4.framework */,
				B67E0BD11BC30B8100827DBC /* ParseTwitterUtils.framework */,
				B67E0BD21BC30B8100827DBC /* ParseUI.framework */,
				B67E0BCA1BC30B3200827DBC /* libsqlite3.tbd */,
				B67E0BC81BC30B0500827DBC /* Social.framework */,
				B67E0BC61BC30AFC00827DBC /* Accounts.framework */,
				B61D66FA1A9535B000550250 /* CoreData.framework */,
				B6D3B6F81A029D9D00563FE8 /* SystemConfiguration.framework */,
				B6D3B6F61A029D8C00563FE8 /* StoreKit.framework */,
				B6D3B6F41A029D8400563FE8 /* Security.framework */,
				B6D3B6F21A029D7900563FE8 /* QuartzCore.framework */,
				B6D3B6F01A029D6700563FE8 /* MobileCoreServices.framework */,
				B6D3B6EE1A029D5D00563FE8 /* libz.dylib */,
				B6D3B6EC1A029D4400563FE8 /* CoreLocation.framework */,
				B6D3B6EA1A029D3A00563FE8 /* CoreGraphics.framework */,
				B6D3B6E81A029D2C00563FE8 /* CFNetwork.framework */,
				B6D3B6E61A029D1F00563FE8 /* AudioToolbox.framework */,
			);
			name = FrameWorks;
			sourceTree = "<group>";
		};
		B61D66ED1A95358000550250 /* Google Analytics */ = {
			isa = PBXGroup;
			children = (
				B61D66F81A95359D00550250 /* libGoogleAnalyticsServices.a */,
				B61D66EE1A95359400550250 /* GAI.h */,
				B61D66EF1A95359400550250 /* GAIDictionaryBuilder.h */,
				B61D66F01A95359400550250 /* GAIEcommerceFields.h */,
				B61D66F11A95359400550250 /* GAIEcommerceProduct.h */,
				B61D66F21A95359400550250 /* GAIEcommerceProductAction.h */,
				B61D66F31A95359400550250 /* GAIEcommercePromotion.h */,
				B61D66F41A95359400550250 /* GAIFields.h */,
				B61D66F51A95359400550250 /* GAILogger.h */,
				B61D66F61A95359400550250 /* GAITrackedViewController.h */,
				B61D66F71A95359400550250 /* GAITracker.h */,
			);
			name = "Google Analytics";
			sourceTree = "<group>";
		};
		B6D3B68B1A001BD300563FE8 = {
			isa = PBXGroup;
			children = (
				B61D66ED1A95358000550250 /* Google Analytics */,
				B61D66EB1A95355000550250 /* FrameWorks */,
				B6D3B6961A001BD300563FE8 /* Illini Tower Files */,
				B6D3B6AF1A001BD300563FE8 /* Illini TowerTests */,
				B6D3B6951A001BD300563FE8 /* Products */,
				B6D3B6FA1A029E1600563FE8 /* Illini Tower 2.0-Bridging-Header.h */,
			);
			sourceTree = "<group>";
		};
		B6D3B6951A001BD300563FE8 /* Products */ = {
			isa = PBXGroup;
			children = (
				B6D3B6941A001BD300563FE8 /* Illini Tower.app */,
				B6D3B6AC1A001BD300563FE8 /* Illini TowerTests.xctest */,
			);
			name = Products;
			sourceTree = "<group>";
		};
		B6D3B6961A001BD300563FE8 /* Illini Tower Files */ = {
			isa = PBXGroup;
			children = (
				B6D3B6991A001BD300563FE8 /* AppDelegate.swift */,
				B6D3B69E1A001BD300563FE8 /* ViewController.swift */,
				B61D66FC1A96296100550250 /* myIlliniView.swift */,
				B61D66FE1A962A6F00550250 /* diningView.swift */,
				B6253EAA1AEC2F6500AF1F05 /* WebViewController.swift */,
				B6D3B6A01A001BD300563FE8 /* Main.storyboard */,
				B6B0CCF01A06B8BF00AE98A9 /* contactYourRA.swift */,
				B6DB30621A02F1F500DC7F8D /* foodNomination.swift */,
				B6DB30601A02C95D00DC7F8D /* latePlateRequest.swift */,
				B6D3B6D81A00992900563FE8 /* menuView.swift */,
				B6D3B6D21A005EAF00563FE8 /* whatsNearBy.swift */,
				B6D263A41AEFC17F00B7903D /* Point.swift */,
				B6D3B6CE1A00528C00563FE8 /* Suggestions.swift */,
				B6D3B6D61A0065E300563FE8 /* referAFriend.swift */,
				B66B099A1BC55C9300C85CB4 /* CozyLoadingActivity.swift */,
				B6D3B6C21A002D1500563FE8 /* EmailComposer.swift */,
				B6D3B6A31A001BD300563FE8 /* Images.xcassets */,
				B6D3B6A51A001BD300563FE8 /* LaunchScreen.xib */,
				B6D3B69B1A001BD300563FE8 /* Illini_Tower_2_0.xcdatamodeld */,
				B6D3B6971A001BD300563FE8 /* Supporting Files */,
			);
			name = "Illini Tower Files";
			path = "Illini Tower 2.0";
			sourceTree = "<group>";
		};
		B6D3B6971A001BD300563FE8 /* Supporting Files */ = {
			isa = PBXGroup;
			children = (
				B69D16FB1A435E75007755E4 /* My Illini Background.png */,
				B69D16F31A413FBB007755E4 /* Late Plate Request Slice.png */,
				B69D16F41A413FBB007755E4 /* Skillet Choice Nomination Slice.png */,
				B69D16F51A413FBB007755E4 /* Today's Menu Slice.png */,
				B69D16F11A413FAF007755E4 /* Dining Background.png */,
				B69D16E91A413303007755E4 /* Contact Your RA Slice.png */,
				B69D16EA1A413303007755E4 /* Refer A Friend Slice.png */,
				B69D16EB1A413303007755E4 /* Submit Work Order Slice.png */,
				B69D16EC1A413303007755E4 /* Write A Review Slice.png */,
				B6D8B1031A3E3B1100A849F7 /* Call Us Slice.png */,
				B6D8B1041A3E3B1100A849F7 /* Dining Slice.png */,
				B6D8B1051A3E3B1100A849F7 /* Email Us Slice.png */,
				B6D8B1061A3E3B1100A849F7 /* Events Slice.png */,
				B6D8B1071A3E3B1100A849F7 /* Facebook Slice.png */,
				B6D8B1081A3E3B1100A849F7 /* Instagram Slice.png */,
				B6D8B1091A3E3B1100A849F7 /* My Illini Tower Slice.png */,
				B6D8B10A1A3E3B1100A849F7 /* Pay your rent slice.png */,
				B6D8B10B1A3E3B1100A849F7 /* Suggestions Slice.png */,
				B6D8B10C1A3E3B1100A849F7 /* Twitter Slice.png */,
				B6D8B10D1A3E3B1100A849F7 /* What's Near By Slice.png */,
				B6D3B6981A001BD300563FE8 /* Info.plist */,
			);
			name = "Supporting Files";
			sourceTree = "<group>";
		};
		B6D3B6AF1A001BD300563FE8 /* Illini TowerTests */ = {
			isa = PBXGroup;
			children = (
				B6D3B6B21A001BD300563FE8 /* Illini_Tower_2_0Tests.swift */,
				B6D3B6B01A001BD300563FE8 /* Supporting Files */,
			);
			name = "Illini TowerTests";
			path = "Illini Tower 2.0Tests";
			sourceTree = "<group>";
		};
		B6D3B6B01A001BD300563FE8 /* Supporting Files */ = {
			isa = PBXGroup;
			children = (
				B6D3B6B11A001BD300563FE8 /* Info.plist */,
			);
			name = "Supporting Files";
			sourceTree = "<group>";
		};
/* End PBXGroup section */

/* Begin PBXNativeTarget section */
		B6D3B6931A001BD300563FE8 /* Illini Tower */ = {
			isa = PBXNativeTarget;
			buildConfigurationList = B6D3B6B61A001BD300563FE8 /* Build configuration list for PBXNativeTarget "Illini Tower" */;
			buildPhases = (
				B6D3B6901A001BD300563FE8 /* Sources */,
				B6D3B6911A001BD300563FE8 /* Frameworks */,
				B6D3B6921A001BD300563FE8 /* Resources */,
			);
			buildRules = (
			);
			dependencies = (
			);
			name = "Illini Tower";
			productName = "Illini Tower 2.0";
			productReference = B6D3B6941A001BD300563FE8 /* Illini Tower.app */;
			productType = "com.apple.product-type.application";
		};
		B6D3B6AB1A001BD300563FE8 /* Illini TowerTests */ = {
			isa = PBXNativeTarget;
			buildConfigurationList = B6D3B6B91A001BD300563FE8 /* Build configuration list for PBXNativeTarget "Illini TowerTests" */;
			buildPhases = (
				B6D3B6A81A001BD300563FE8 /* Sources */,
				B6D3B6A91A001BD300563FE8 /* Frameworks */,
				B6D3B6AA1A001BD300563FE8 /* Resources */,
			);
			buildRules = (
			);
			dependencies = (
			);
			name = "Illini TowerTests";
			productName = "Illini Tower 2.0Tests";
			productReference = B6D3B6AC1A001BD300563FE8 /* Illini TowerTests.xctest */;
			productType = "com.apple.product-type.bundle.unit-test";
		};
/* End PBXNativeTarget section */

/* Begin PBXProject section */
		B6D3B68C1A001BD300563FE8 /* Project object */ = {
			isa = PBXProject;
			attributes = {
				LastSwiftMigration = 0700;
				LastSwiftUpdateCheck = 0700;
				LastUpgradeCheck = 0700;
				ORGANIZATIONNAME = "Dominic Vitucci";
				TargetAttributes = {
					B6D3B6931A001BD300563FE8 = {
						CreatedOnToolsVersion = 6.1;
						DevelopmentTeam = 47Q8HR9LV3;
					};
					B6D3B6AB1A001BD300563FE8 = {
						CreatedOnToolsVersion = 6.1;
						TestTargetID = B6D3B6931A001BD300563FE8;
					};
				};
			};
			buildConfigurationList = B6D3B68F1A001BD300563FE8 /* Build configuration list for PBXProject "Illini Tower" */;
			compatibilityVersion = "Xcode 3.2";
			developmentRegion = English;
			hasScannedForEncodings = 0;
			knownRegions = (
				en,
				Base,
			);
			mainGroup = B6D3B68B1A001BD300563FE8;
			productRefGroup = B6D3B6951A001BD300563FE8 /* Products */;
			projectDirPath = "";
			projectRoot = "";
			targets = (
				B6D3B6931A001BD300563FE8 /* Illini Tower */,
				B6D3B6AB1A001BD300563FE8 /* Illini TowerTests */,
			);
		};
/* End PBXProject section */

/* Begin PBXResourcesBuildPhase section */
		B6D3B6921A001BD300563FE8 /* Resources */ = {
			isa = PBXResourcesBuildPhase;
			buildActionMask = 2147483647;
			files = (
				B6D8B1121A3E3B1100A849F7 /* Facebook Slice.png in Resources */,
				B6D8B1101A3E3B1100A849F7 /* Email Us Slice.png in Resources */,
				B69D16EE1A413303007755E4 /* Refer A Friend Slice.png in Resources */,
				B6D3B6A21A001BD300563FE8 /* Main.storyboard in Resources */,
				B6D8B1181A3E3B1100A849F7 /* What's Near By Slice.png in Resources */,
				B69D16ED1A413303007755E4 /* Contact Your RA Slice.png in Resources */,
				B6D8B10F1A3E3B1100A849F7 /* Dining Slice.png in Resources */,
				B69D16F21A413FAF007755E4 /* Dining Background.png in Resources */,
				B69D16F61A413FBB007755E4 /* Late Plate Request Slice.png in Resources */,
				B69D16FC1A435E75007755E4 /* My Illini Background.png in Resources */,
				B6D8B1171A3E3B1100A849F7 /* Twitter Slice.png in Resources */,
				B6D8B1111A3E3B1100A849F7 /* Events Slice.png in Resources */,
				B6D3B6A71A001BD300563FE8 /* LaunchScreen.xib in Resources */,
				B6D8B1141A3E3B1100A849F7 /* My Illini Tower Slice.png in Resources */,
				B6D8B1161A3E3B1100A849F7 /* Suggestions Slice.png in Resources */,
				B6D3B6A41A001BD300563FE8 /* Images.xcassets in Resources */,
				B6D8B1131A3E3B1100A849F7 /* Instagram Slice.png in Resources */,
				B6D8B10E1A3E3B1100A849F7 /* Call Us Slice.png in Resources */,
				B6D8B1151A3E3B1100A849F7 /* Pay your rent slice.png in Resources */,
				B69D16F81A413FBB007755E4 /* Today's Menu Slice.png in Resources */,
				B69D16EF1A413303007755E4 /* Submit Work Order Slice.png in Resources */,
				B69D16F01A413303007755E4 /* Write A Review Slice.png in Resources */,
				B69D16F71A413FBB007755E4 /* Skillet Choice Nomination Slice.png in Resources */,
			);
			runOnlyForDeploymentPostprocessing = 0;
		};
		B6D3B6AA1A001BD300563FE8 /* Resources */ = {
			isa = PBXResourcesBuildPhase;
			buildActionMask = 2147483647;
			files = (
			);
			runOnlyForDeploymentPostprocessing = 0;
		};
/* End PBXResourcesBuildPhase section */

/* Begin PBXSourcesBuildPhase section */
		B6D3B6901A001BD300563FE8 /* Sources */ = {
			isa = PBXSourcesBuildPhase;
			buildActionMask = 2147483647;
			files = (
				B6B0CCF11A06B8BF00AE98A9 /* contactYourRA.swift in Sources */,
				B6D3B6C31A002D1500563FE8 /* EmailComposer.swift in Sources */,
				B6D3B69F1A001BD300563FE8 /* ViewController.swift in Sources */,
				B6253EAB1AEC2F6500AF1F05 /* WebViewController.swift in Sources */,
				B66B099B1BC55C9300C85CB4 /* CozyLoadingActivity.swift in Sources */,
				B6D3B6CF1A00528C00563FE8 /* Suggestions.swift in Sources */,
				B6D3B69D1A001BD300563FE8 /* Illini_Tower_2_0.xcdatamodeld in Sources */,
				B6DB30611A02C95D00DC7F8D /* latePlateRequest.swift in Sources */,
				B61D66FD1A96296100550250 /* myIlliniView.swift in Sources */,
				B61D66FF1A962A6F00550250 /* diningView.swift in Sources */,
				B6D3B6D31A005EAF00563FE8 /* whatsNearBy.swift in Sources */,
				B6D3B6D91A00992900563FE8 /* menuView.swift in Sources */,
				B613DB381BBCDBDE00959F6A /* Point.swift in Sources */,
				B6D3B69A1A001BD300563FE8 /* AppDelegate.swift in Sources */,
				B6DB30631A02F1F500DC7F8D /* foodNomination.swift in Sources */,
				B6D3B6D71A0065E300563FE8 /* referAFriend.swift in Sources */,
			);
			runOnlyForDeploymentPostprocessing = 0;
		};
		B6D3B6A81A001BD300563FE8 /* Sources */ = {
			isa = PBXSourcesBuildPhase;
			buildActionMask = 2147483647;
			files = (
				B6D3B6B31A001BD300563FE8 /* Illini_Tower_2_0Tests.swift in Sources */,
			);
			runOnlyForDeploymentPostprocessing = 0;
		};
/* End PBXSourcesBuildPhase section */

/* Begin PBXVariantGroup section */
		B6D3B6A01A001BD300563FE8 /* Main.storyboard */ = {
			isa = PBXVariantGroup;
			children = (
				B6D3B6A11A001BD300563FE8 /* Base */,
			);
			name = Main.storyboard;
			sourceTree = "<group>";
		};
		B6D3B6A51A001BD300563FE8 /* LaunchScreen.xib */ = {
			isa = PBXVariantGroup;
			children = (
				B6D3B6A61A001BD300563FE8 /* Base */,
			);
			name = LaunchScreen.xib;
			sourceTree = "<group>";
		};
/* End PBXVariantGroup section */

/* Begin XCBuildConfiguration section */
		B6D3B6B41A001BD300563FE8 /* Debug */ = {
			isa = XCBuildConfiguration;
			buildSettings = {
				ALWAYS_SEARCH_USER_PATHS = NO;
				CLANG_CXX_LANGUAGE_STANDARD = "gnu++0x";
				CLANG_CXX_LIBRARY = "libc++";
				CLANG_ENABLE_MODULES = YES;
				CLANG_ENABLE_OBJC_ARC = YES;
				CLANG_WARN_BOOL_CONVERSION = YES;
				CLANG_WARN_CONSTANT_CONVERSION = YES;
				CLANG_WARN_DIRECT_OBJC_ISA_USAGE = YES_ERROR;
				CLANG_WARN_EMPTY_BODY = YES;
				CLANG_WARN_ENUM_CONVERSION = YES;
				CLANG_WARN_INT_CONVERSION = YES;
				CLANG_WARN_OBJC_ROOT_CLASS = YES_ERROR;
				CLANG_WARN_UNREACHABLE_CODE = YES;
				CLANG_WARN__DUPLICATE_METHOD_MATCH = YES;
				CODE_SIGN_IDENTITY = "iPhone Distribution: Dominic Vitucci (47Q8HR9LV3)";
				"CODE_SIGN_IDENTITY[sdk=iphoneos*]" = "iPhone Distribution: Dominic Vitucci (47Q8HR9LV3)";
				COPY_PHASE_STRIP = NO;
				ENABLE_BITCODE = NO;
				ENABLE_STRICT_OBJC_MSGSEND = YES;
				ENABLE_TESTABILITY = YES;
				GCC_C_LANGUAGE_STANDARD = gnu99;
				GCC_DYNAMIC_NO_PIC = NO;
				GCC_OPTIMIZATION_LEVEL = 0;
				GCC_PREPROCESSOR_DEFINITIONS = (
					"DEBUG=1",
					"$(inherited)",
				);
				GCC_SYMBOLS_PRIVATE_EXTERN = NO;
				GCC_WARN_64_TO_32_BIT_CONVERSION = YES;
				GCC_WARN_ABOUT_RETURN_TYPE = YES_ERROR;
				GCC_WARN_UNDECLARED_SELECTOR = YES;
				GCC_WARN_UNINITIALIZED_AUTOS = YES_AGGRESSIVE;
				GCC_WARN_UNUSED_FUNCTION = YES;
				GCC_WARN_UNUSED_VARIABLE = YES;
				IPHONEOS_DEPLOYMENT_TARGET = 8.0;
				MTL_ENABLE_DEBUG_INFO = YES;
				ONLY_ACTIVE_ARCH = YES;
				SDKROOT = iphoneos;
				SWIFT_OPTIMIZATION_LEVEL = "-Onone";
				TARGETED_DEVICE_FAMILY = "1,2";
			};
			name = Debug;
		};
		B6D3B6B51A001BD300563FE8 /* Release */ = {
			isa = XCBuildConfiguration;
			buildSettings = {
				ALWAYS_SEARCH_USER_PATHS = NO;
				CLANG_CXX_LANGUAGE_STANDARD = "gnu++0x";
				CLANG_CXX_LIBRARY = "libc++";
				CLANG_ENABLE_MODULES = YES;
				CLANG_ENABLE_OBJC_ARC = YES;
				CLANG_WARN_BOOL_CONVERSION = YES;
				CLANG_WARN_CONSTANT_CONVERSION = YES;
				CLANG_WARN_DIRECT_OBJC_ISA_USAGE = YES_ERROR;
				CLANG_WARN_EMPTY_BODY = YES;
				CLANG_WARN_ENUM_CONVERSION = YES;
				CLANG_WARN_INT_CONVERSION = YES;
				CLANG_WARN_OBJC_ROOT_CLASS = YES_ERROR;
				CLANG_WARN_UNREACHABLE_CODE = YES;
				CLANG_WARN__DUPLICATE_METHOD_MATCH = YES;
				CODE_SIGN_IDENTITY = "iPhone Distribution: Dominic Vitucci (47Q8HR9LV3)";
				"CODE_SIGN_IDENTITY[sdk=iphoneos*]" = "iPhone Distribution: Dominic Vitucci (47Q8HR9LV3)";
				COPY_PHASE_STRIP = YES;
				ENABLE_BITCODE = NO;
				ENABLE_NS_ASSERTIONS = NO;
				ENABLE_STRICT_OBJC_MSGSEND = YES;
				GCC_C_LANGUAGE_STANDARD = gnu99;
				GCC_WARN_64_TO_32_BIT_CONVERSION = YES;
				GCC_WARN_ABOUT_RETURN_TYPE = YES_ERROR;
				GCC_WARN_UNDECLARED_SELECTOR = YES;
				GCC_WARN_UNINITIALIZED_AUTOS = YES_AGGRESSIVE;
				GCC_WARN_UNUSED_FUNCTION = YES;
				GCC_WARN_UNUSED_VARIABLE = YES;
				IPHONEOS_DEPLOYMENT_TARGET = 8.0;
				MTL_ENABLE_DEBUG_INFO = NO;
				SDKROOT = iphoneos;
				TARGETED_DEVICE_FAMILY = "1,2";
				VALIDATE_PRODUCT = YES;
			};
			name = Release;
		};
		B6D3B6B71A001BD300563FE8 /* Debug */ = {
			isa = XCBuildConfiguration;
			buildSettings = {
				ASSETCATALOG_COMPILER_APPICON_NAME = AppIcon;
				ASSETCATALOG_COMPILER_LAUNCHIMAGE_NAME = LaunchImage;
				CLANG_ENABLE_MODULES = YES;
				CODE_SIGN_IDENTITY = "iPhone Developer";
				"CODE_SIGN_IDENTITY[sdk=iphoneos*]" = "iPhone Developer";
				ENABLE_BITCODE = NO;
				FRAMEWORK_SEARCH_PATHS = (
					"$(inherited)",
					"$(PROJECT_DIR)",
				);
				INFOPLIST_FILE = "Illini Tower 2.0/Info.plist";
				IPHONEOS_DEPLOYMENT_TARGET = 8.0;
				LD_RUNPATH_SEARCH_PATHS = "$(inherited) @executable_path/Frameworks";
				LIBRARY_SEARCH_PATHS = (
					"$(inherited)",
					"$(PROJECT_DIR)/Flurry",
					"$(PROJECT_DIR)",
				);
				PRODUCT_BUNDLE_IDENTIFIER = "dominicvitucci.Illini-Tower-2-0";
				PRODUCT_NAME = "Illini Tower";
				PROVISIONING_PROFILE = "";
				SWIFT_OBJC_BRIDGING_HEADER = "Illini Tower 2.0-Bridging-Header.h";
				SWIFT_OPTIMIZATION_LEVEL = "-Onone";
			};
			name = Debug;
		};
		B6D3B6B81A001BD300563FE8 /* Release */ = {
			isa = XCBuildConfiguration;
			buildSettings = {
				ASSETCATALOG_COMPILER_APPICON_NAME = AppIcon;
				ASSETCATALOG_COMPILER_LAUNCHIMAGE_NAME = LaunchImage;
				CLANG_ENABLE_MODULES = YES;
				CODE_SIGN_IDENTITY = "iPhone Developer";
				"CODE_SIGN_IDENTITY[sdk=iphoneos*]" = "iPhone Developer";
				ENABLE_BITCODE = NO;
				FRAMEWORK_SEARCH_PATHS = (
					"$(inherited)",
					"$(PROJECT_DIR)",
				);
				INFOPLIST_FILE = "Illini Tower 2.0/Info.plist";
				IPHONEOS_DEPLOYMENT_TARGET = 8.0;
				LD_RUNPATH_SEARCH_PATHS = "$(inherited) @executable_path/Frameworks";
				LIBRARY_SEARCH_PATHS = (
					"$(inherited)",
					"$(PROJECT_DIR)/Flurry",
					"$(PROJECT_DIR)",
				);
				PRODUCT_BUNDLE_IDENTIFIER = "dominicvitucci.Illini-Tower-2-0";
				PRODUCT_NAME = "Illini Tower";
				PROVISIONING_PROFILE = "";
				SWIFT_OBJC_BRIDGING_HEADER = "Illini Tower 2.0-Bridging-Header.h";
			};
			name = Release;
		};
		B6D3B6BA1A001BD300563FE8 /* Debug */ = {
			isa = XCBuildConfiguration;
			buildSettings = {
				BUNDLE_LOADER = "$(TEST_HOST)";
				FRAMEWORK_SEARCH_PATHS = (
					"$(SDKROOT)/Developer/Library/Frameworks",
					"$(inherited)",
				);
				GCC_PREPROCESSOR_DEFINITIONS = (
					"DEBUG=1",
					"$(inherited)",
				);
				INFOPLIST_FILE = "Illini Tower 2.0Tests/Info.plist";
				LD_RUNPATH_SEARCH_PATHS = "$(inherited) @executable_path/Frameworks @loader_path/Frameworks";
				PRODUCT_BUNDLE_IDENTIFIER = "dominicvitucci.$(PRODUCT_NAME:rfc1034identifier)";
				PRODUCT_NAME = "Illini TowerTests";
				TEST_HOST = "$(BUILT_PRODUCTS_DIR)/Illini Tower 2.0.app/Illini Tower 2.0";
			};
			name = Debug;
		};
		B6D3B6BB1A001BD300563FE8 /* Release */ = {
			isa = XCBuildConfiguration;
			buildSettings = {
				BUNDLE_LOADER = "$(TEST_HOST)";
				FRAMEWORK_SEARCH_PATHS = (
					"$(SDKROOT)/Developer/Library/Frameworks",
					"$(inherited)",
				);
				INFOPLIST_FILE = "Illini Tower 2.0Tests/Info.plist";
				LD_RUNPATH_SEARCH_PATHS = "$(inherited) @executable_path/Frameworks @loader_path/Frameworks";
				PRODUCT_BUNDLE_IDENTIFIER = "dominicvitucci.$(PRODUCT_NAME:rfc1034identifier)";
				PRODUCT_NAME = "Illini TowerTests";
				TEST_HOST = "$(BUILT_PRODUCTS_DIR)/Illini Tower 2.0.app/Illini Tower 2.0";
			};
			name = Release;
		};
/* End XCBuildConfiguration section */

/* Begin XCConfigurationList section */
		B6D3B68F1A001BD300563FE8 /* Build configuration list for PBXProject "Illini Tower" */ = {
			isa = XCConfigurationList;
			buildConfigurations = (
				B6D3B6B41A001BD300563FE8 /* Debug */,
				B6D3B6B51A001BD300563FE8 /* Release */,
			);
			defaultConfigurationIsVisible = 0;
			defaultConfigurationName = Release;
		};
		B6D3B6B61A001BD300563FE8 /* Build configuration list for PBXNativeTarget "Illini Tower" */ = {
			isa = XCConfigurationList;
			buildConfigurations = (
				B6D3B6B71A001BD300563FE8 /* Debug */,
				B6D3B6B81A001BD300563FE8 /* Release */,
			);
			defaultConfigurationIsVisible = 0;
			defaultConfigurationName = Release;
		};
		B6D3B6B91A001BD300563FE8 /* Build configuration list for PBXNativeTarget "Illini TowerTests" */ = {
			isa = XCConfigurationList;
			buildConfigurations = (
				B6D3B6BA1A001BD300563FE8 /* Debug */,
				B6D3B6BB1A001BD300563FE8 /* Release */,
			);
			defaultConfigurationIsVisible = 0;
			defaultConfigurationName = Release;
		};
/* End XCConfigurationList section */

/* Begin XCVersionGroup section */
		B6D3B69B1A001BD300563FE8 /* Illini_Tower_2_0.xcdatamodeld */ = {
			isa = XCVersionGroup;
			children = (
				B6D3B69C1A001BD300563FE8 /* Illini_Tower_2_0.xcdatamodel */,
			);
			currentVersion = B6D3B69C1A001BD300563FE8 /* Illini_Tower_2_0.xcdatamodel */;
			path = Illini_Tower_2_0.xcdatamodeld;
			sourceTree = "<group>";
			versionGroupType = wrapper.xcdatamodel;
		};
/* End XCVersionGroup section */
	};
	rootObject = B6D3B68C1A001BD300563FE8 /* Project object */;
}
